PODS:
  - MSCircularSlider (1.2.2)

DEPENDENCIES:
  - MSCircularSlider

SPEC REPOS:
  https://github.com/cocoapods/specs.git:
    - MSCircularSlider

SPEC CHECKSUMS:
  MSCircularSlider: 70759318a899279d7923aa0f454f3ba0fe448642

PODFILE CHECKSUM: e7b3f70d33b339889cf7b598a6ac68ca3a67a7f7

COCOAPODS: 1.6.0
