PODS:
  - Hero (1.4.0)
  - MSCircularSlider (1.2.2)

DEPENDENCIES:
  - Hero
  - MSCircularSlider

SPEC REPOS:
  https://github.com/cocoapods/specs.git:
    - Hero
    - MSCircularSlider

SPEC CHECKSUMS:
  Hero: bac92350d7201a1a940003e0767c7b52ce7c99a1
  MSCircularSlider: 70759318a899279d7923aa0f454f3ba0fe448642

PODFILE CHECKSUM: 41f011e95200fb90badf4ea59e6354e36af7257d

COCOAPODS: 1.6.0
